// !$*UTF8*$!
{
	archiveVersion = 1;
	classes = {
	};
	objectVersion = 50;
	objects = {

/* Begin PBXBuildFile section */
		2C8058A825F7709600EFDE1C /* AppDelegate.swift in Sources */ = {isa = PBXBuildFile; fileRef = 2C8058A725F7709600EFDE1C /* AppDelegate.swift */; };
		2C8058AA25F7709700EFDE1C /* SceneDelegate.swift in Sources */ = {isa = PBXBuildFile; fileRef = 2C8058A925F7709700EFDE1C /* SceneDelegate.swift */; };
		2C8058AC25F7709700EFDE1C /* ViewController.swift in Sources */ = {isa = PBXBuildFile; fileRef = 2C8058AB25F7709700EFDE1C /* ViewController.swift */; };
		2C8058AF25F7709800EFDE1C /* Main.storyboard in Resources */ = {isa = PBXBuildFile; fileRef = 2C8058AD25F7709800EFDE1C /* Main.storyboard */; };
		2C8058B125F770FB00EFDE1C /* Assets.xcassets in Resources */ = {isa = PBXBuildFile; fileRef = 2C8058B025F770FB00EFDE1C /* Assets.xcassets */; };
		2C8058B425F770FB00EFDE1C /* LaunchScreen.storyboard in Resources */ = {isa = PBXBuildFile; fileRef = 2C8058B225F770FB00EFDE1C /* LaunchScreen.storyboard */; };
		2C8058BC25F775B900EFDE1C /* Day36_37.rtf in Resources */ = {isa = PBXBuildFile; fileRef = 2C8058BB25F775B900EFDE1C /* Day36_37.rtf */; };
		2CB0E32125F941B60015A40E /* level2.txt in Resources */ = {isa = PBXBuildFile; fileRef = 2CB0E31D25F941AF0015A40E /* level2.txt */; };
		2CB0E32225F941B60015A40E /* level1.txt in Resources */ = {isa = PBXBuildFile; fileRef = 2CB0E32025F941B50015A40E /* level1.txt */; };
/* End PBXBuildFile section */

/* Begin PBXFileReference section */
		2C8058A425F7709600EFDE1C /* Project8.app */ = {isa = PBXFileReference; explicitFileType = wrapper.application; includeInIndex = 0; path = Project8.app; sourceTree = BUILT_PRODUCTS_DIR; };
		2C8058A725F7709600EFDE1C /* AppDelegate.swift */ = {isa = PBXFileReference; lastKnownFileType = sourcecode.swift; path = AppDelegate.swift; sourceTree = "<group>"; };
		2C8058A925F7709700EFDE1C /* SceneDelegate.swift */ = {isa = PBXFileReference; lastKnownFileType = sourcecode.swift; path = SceneDelegate.swift; sourceTree = "<group>"; };
		2C8058AB25F7709700EFDE1C /* ViewController.swift */ = {isa = PBXFileReference; lastKnownFileType = sourcecode.swift; path = ViewController.swift; sourceTree = "<group>"; };
		2C8058AE25F7709800EFDE1C /* Base */ = {isa = PBXFileReference; lastKnownFileType = file.storyboard; name = Base; path = Base.lproj/Main.storyboard; sourceTree = "<group>"; };
		2C8058B025F770FB00EFDE1C /* Assets.xcassets */ = {isa = PBXFileReference; lastKnownFileType = folder.assetcatalog; path = Assets.xcassets; sourceTree = "<group>"; };
		2C8058B325F770FB00EFDE1C /* Base */ = {isa = PBXFileReference; lastKnownFileType = file.storyboard; name = Base; path = Base.lproj/LaunchScreen.storyboard; sourceTree = "<group>"; };
		2C8058B525F770FB00EFDE1C /* Info.plist */ = {isa = PBXFileReference; lastKnownFileType = text.plist.xml; path = Info.plist; sourceTree = "<group>"; };
		2C8058BB25F775B900EFDE1C /* Day36_37.rtf */ = {isa = PBXFileReference; lastKnownFileType = text.rtf; path = Day36_37.rtf; sourceTree = "<group>"; };
		2CB0E31D25F941AF0015A40E /* level2.txt */ = {isa = PBXFileReference; fileEncoding = 4; lastKnownFileType = text; path = level2.txt; sourceTree = "<group>"; };
		2CB0E32025F941B50015A40E /* level1.txt */ = {isa = PBXFileReference; fileEncoding = 4; lastKnownFileType = text; name = level1.txt; path = "../../../HackingWithSwift/Classic/project8-files/level1.txt"; sourceTree = "<group>"; };
/* End PBXFileReference section */

/* Begin PBXFrameworksBuildPhase section */
		2C8058A125F7709300EFDE1C /* Frameworks */ = {
			isa = PBXFrameworksBuildPhase;
			buildActionMask = 2147483647;
			files = (
			);
			runOnlyForDeploymentPostprocessing = 0;
		};
/* End PBXFrameworksBuildPhase section */

/* Begin PBXGroup section */
		2C80589B25F7708E00EFDE1C = {
			isa = PBXGroup;
			children = (
				2C8058A625F7709600EFDE1C /* Project8 */,
				2C8058A525F7709600EFDE1C /* Products */,
			);
			sourceTree = "<group>";
		};
		2C8058A525F7709600EFDE1C /* Products */ = {
			isa = PBXGroup;
			children = (
				2C8058A425F7709600EFDE1C /* Project8.app */,
			);
			name = Products;
			sourceTree = "<group>";
		};
		2C8058A625F7709600EFDE1C /* Project8 */ = {
			isa = PBXGroup;
			children = (
				2C8058A725F7709600EFDE1C /* AppDelegate.swift */,
				2C8058A925F7709700EFDE1C /* SceneDelegate.swift */,
				2C8058AB25F7709700EFDE1C /* ViewController.swift */,
				2C8058AD25F7709800EFDE1C /* Main.storyboard */,
				2C8058B025F770FB00EFDE1C /* Assets.xcassets */,
				2C8058B225F770FB00EFDE1C /* LaunchScreen.storyboard */,
				2C8058B525F770FB00EFDE1C /* Info.plist */,
				2CB0E32025F941B50015A40E /* level1.txt */,
				2CB0E31D25F941AF0015A40E /* level2.txt */,
				2C8058BB25F775B900EFDE1C /* Day36_37.rtf */,
			);
			path = Project8;
			sourceTree = "<group>";
		};
/* End PBXGroup section */

/* Begin PBXNativeTarget section */
		2C8058A325F7709300EFDE1C /* Project8 */ = {
			isa = PBXNativeTarget;
			buildConfigurationList = 2C8058B825F770FB00EFDE1C /* Build configuration list for PBXNativeTarget "Project8" */;
			buildPhases = (
				2C8058A025F7709300EFDE1C /* Sources */,
				2C8058A125F7709300EFDE1C /* Frameworks */,
				2C8058A225F7709300EFDE1C /* Resources */,
			);
			buildRules = (
			);
			dependencies = (
			);
			name = Project8;
			productName = Project8;
			productReference = 2C8058A425F7709600EFDE1C /* Project8.app */;
			productType = "com.apple.product-type.application";
		};
/* End PBXNativeTarget section */

/* Begin PBXProject section */
		2C80589C25F7708F00EFDE1C /* Project object */ = {
			isa = PBXProject;
			attributes = {
				LastSwiftUpdateCheck = 1130;
				LastUpgradeCheck = 1130;
				ORGANIZATIONNAME = "Alexander Filippov";
				TargetAttributes = {
					2C8058A325F7709300EFDE1C = {
						CreatedOnToolsVersion = 11.3.1;
					};
				};
			};
			buildConfigurationList = 2C80589F25F7708F00EFDE1C /* Build configuration list for PBXProject "Project8" */;
			compatibilityVersion = "Xcode 9.3";
			developmentRegion = en;
			hasScannedForEncodings = 0;
			knownRegions = (
				en,
				Base,
			);
			mainGroup = 2C80589B25F7708E00EFDE1C;
			productRefGroup = 2C8058A525F7709600EFDE1C /* Products */;
			projectDirPath = "";
			projectRoot = "";
			targets = (
				2C8058A325F7709300EFDE1C /* Project8 */,
			);
		};
/* End PBXProject section */

/* Begin PBXResourcesBuildPhase section */
		2C8058A225F7709300EFDE1C /* Resources */ = {
			isa = PBXResourcesBuildPhase;
			buildActionMask = 2147483647;
			files = (
				2C8058B425F770FB00EFDE1C /* LaunchScreen.storyboard in Resources */,
				2CB0E32225F941B60015A40E /* level1.txt in Resources */,
				2CB0E32125F941B60015A40E /* level2.txt in Resources */,
				2C8058B125F770FB00EFDE1C /* Assets.xcassets in Resources */,
				2C8058BC25F775B900EFDE1C /* Day36_37.rtf in Resources */,
				2C8058AF25F7709800EFDE1C /* Main.storyboard in Resources */,
			);
			runOnlyForDeploymentPostprocessing = 0;
		};
/* End PBXResourcesBuildPhase section */

/* Begin PBXSourcesBuildPhase section */
		2C8058A025F7709300EFDE1C /* Sources */ = {
			isa = PBXSourcesBuildPhase;
			buildActionMask = 2147483647;
			files = (
				2C8058AC25F7709700EFDE1C /* ViewController.swift in Sources */,
				2C8058A825F7709600EFDE1C /* AppDelegate.swift in Sources */,
				2C8058AA25F7709700EFDE1C /* SceneDelegate.swift in Sources */,
			);
			runOnlyForDeploymentPostprocessing = 0;
		};
/* End PBXSourcesBuildPhase section */

/* Begin PBXVariantGroup section */
		2C8058AD25F7709800EFDE1C /* Main.storyboard */ = {
			isa = PBXVariantGroup;
			children = (
				2C8058AE25F7709800EFDE1C /* Base */,
			);
			name = Main.storyboard;
			sourceTree = "<group>";
		};
		2C8058B225F770FB00EFDE1C /* LaunchScreen.storyboard */ = {
			isa = PBXVariantGroup;
			children = (
				2C8058B325F770FB00EFDE1C /* Base */,
			);
			name = LaunchScreen.storyboard;
			sourceTree = "<group>";
		};
/* End PBXVariantGroup section */

/* Begin XCBuildConfiguration section */
		2C8058B625F770FB00EFDE1C /* Debug */ = {
			isa = XCBuildConfiguration;
			buildSettings = {
				ALWAYS_SEARCH_USER_PATHS = NO;
				CLANG_ANALYZER_NONNULL = YES;
				CLANG_ANALYZER_NUMBER_OBJECT_CONVERSION = YES_AGGRESSIVE;
				CLANG_CXX_LANGUAGE_STANDARD = "gnu++14";
				CLANG_CXX_LIBRARY = "libc++";
				CLANG_ENABLE_MODULES = YES;
				CLANG_ENABLE_OBJC_ARC = YES;
				CLANG_ENABLE_OBJC_WEAK = YES;
				CLANG_WARN_BLOCK_CAPTURE_AUTORELEASING = YES;
				CLANG_WARN_BOOL_CONVERSION = YES;
				CLANG_WARN_COMMA = YES;
				CLANG_WARN_CONSTANT_CONVERSION = YES;
				CLANG_WARN_DEPRECATED_OBJC_IMPLEMENTATIONS = YES;
				CLANG_WARN_DIRECT_OBJC_ISA_USAGE = YES_ERROR;
				CLANG_WARN_DOCUMENTATION_COMMENTS = YES;
				CLANG_WARN_EMPTY_BODY = YES;
				CLANG_WARN_ENUM_CONVERSION = YES;
				CLANG_WARN_INFINITE_RECURSION = YES;
				CLANG_WARN_INT_CONVERSION = YES;
				CLANG_WARN_NON_LITERAL_NULL_CONVERSION = YES;
				CLANG_WARN_OBJC_IMPLICIT_RETAIN_SELF = YES;
				CLANG_WARN_OBJC_LITERAL_CONVERSION = YES;
				CLANG_WARN_OBJC_ROOT_CLASS = YES_ERROR;
				CLANG_WARN_RANGE_LOOP_ANALYSIS = YES;
				CLANG_WARN_STRICT_PROTOTYPES = YES;
				CLANG_WARN_SUSPICIOUS_MOVE = YES;
				CLANG_WARN_UNGUARDED_AVAILABILITY = YES_AGGRESSIVE;
				CLANG_WARN_UNREACHABLE_CODE = YES;
				CLANG_WARN__DUPLICATE_METHOD_MATCH = YES;
				COPY_PHASE_STRIP = NO;
				DEBUG_INFORMATION_FORMAT = dwarf;
				ENABLE_STRICT_OBJC_MSGSEND = YES;
				ENABLE_TESTABILITY = YES;
				GCC_C_LANGUAGE_STANDARD = gnu11;
				GCC_DYNAMIC_NO_PIC = NO;
				GCC_NO_COMMON_BLOCKS = YES;
				GCC_OPTIMIZATION_LEVEL = 0;
				GCC_PREPROCESSOR_DEFINITIONS = (
					"DEBUG=1",
					"$(inherited)",
				);
				GCC_WARN_64_TO_32_BIT_CONVERSION = YES;
				GCC_WARN_ABOUT_RETURN_TYPE = YES_ERROR;
				GCC_WARN_UNDECLARED_SELECTOR = YES;
				GCC_WARN_UNINITIALIZED_AUTOS = YES_AGGRESSIVE;
				GCC_WARN_UNUSED_FUNCTION = YES;
				GCC_WARN_UNUSED_VARIABLE = YES;
				IPHONEOS_DEPLOYMENT_TARGET = 13.2;
				MTL_ENABLE_DEBUG_INFO = INCLUDE_SOURCE;
				MTL_FAST_MATH = YES;
				ONLY_ACTIVE_ARCH = YES;
				SDKROOT = iphoneos;
				SWIFT_ACTIVE_COMPILATION_CONDITIONS = DEBUG;
				SWIFT_OPTIMIZATION_LEVEL = "-Onone";
			};
			name = Debug;
		};
		2C8058B725F770FB00EFDE1C /* Release */ = {
			isa = XCBuildConfiguration;
			buildSettings = {
				ALWAYS_SEARCH_USER_PATHS = NO;
				CLANG_ANALYZER_NONNULL = YES;
				CLANG_ANALYZER_NUMBER_OBJECT_CONVERSION = YES_AGGRESSIVE;
				CLANG_CXX_LANGUAGE_STANDARD = "gnu++14";
				CLANG_CXX_LIBRARY = "libc++";
				CLANG_ENABLE_MODULES = YES;
				CLANG_ENABLE_OBJC_ARC = YES;
				CLANG_ENABLE_OBJC_WEAK = YES;
				CLANG_WARN_BLOCK_CAPTURE_AUTORELEASING = YES;
				CLANG_WARN_BOOL_CONVERSION = YES;
				CLANG_WARN_COMMA = YES;
				CLANG_WARN_CONSTANT_CONVERSION = YES;
				CLANG_WARN_DEPRECATED_OBJC_IMPLEMENTATIONS = YES;
				CLANG_WARN_DIRECT_OBJC_ISA_USAGE = YES_ERROR;
				CLANG_WARN_DOCUMENTATION_COMMENTS = YES;
				CLANG_WARN_EMPTY_BODY = YES;
				CLANG_WARN_ENUM_CONVERSION = YES;
				CLANG_WARN_INFINITE_RECURSION = YES;
				CLANG_WARN_INT_CONVERSION = YES;
				CLANG_WARN_NON_LITERAL_NULL_CONVERSION = YES;
				CLANG_WARN_OBJC_IMPLICIT_RETAIN_SELF = YES;
				CLANG_WARN_OBJC_LITERAL_CONVERSION = YES;
				CLANG_WARN_OBJC_ROOT_CLASS = YES_ERROR;
				CLANG_WARN_RANGE_LOOP_ANALYSIS = YES;
				CLANG_WARN_STRICT_PROTOTYPES = YES;
				CLANG_WARN_SUSPICIOUS_MOVE = YES;
				CLANG_WARN_UNGUARDED_AVAILABILITY = YES_AGGRESSIVE;
				CLANG_WARN_UNREACHABLE_CODE = YES;
				CLANG_WARN__DUPLICATE_METHOD_MATCH = YES;
				COPY_PHASE_STRIP = NO;
				DEBUG_INFORMATION_FORMAT = "dwarf-with-dsym";
				ENABLE_NS_ASSERTIONS = NO;
				ENABLE_STRICT_OBJC_MSGSEND = YES;
				GCC_C_LANGUAGE_STANDARD = gnu11;
				GCC_NO_COMMON_BLOCKS = YES;
				GCC_WARN_64_TO_32_BIT_CONVERSION = YES;
				GCC_WARN_ABOUT_RETURN_TYPE = YES_ERROR;
				GCC_WARN_UNDECLARED_SELECTOR = YES;
				GCC_WARN_UNINITIALIZED_AUTOS = YES_AGGRESSIVE;
				GCC_WARN_UNUSED_FUNCTION = YES;
				GCC_WARN_UNUSED_VARIABLE = YES;
				IPHONEOS_DEPLOYMENT_TARGET = 13.2;
				MTL_ENABLE_DEBUG_INFO = NO;
				MTL_FAST_MATH = YES;
				SDKROOT = iphoneos;
				SWIFT_COMPILATION_MODE = wholemodule;
				SWIFT_OPTIMIZATION_LEVEL = "-O";
				VALIDATE_PRODUCT = YES;
			};
			name = Release;
		};
		2C8058B925F770FB00EFDE1C /* Debug */ = {
			isa = XCBuildConfiguration;
			buildSettings = {
				ASSETCATALOG_COMPILER_APPICON_NAME = AppIcon;
				CODE_SIGN_STYLE = Automatic;
				DEVELOPMENT_TEAM = K44PL886SA;
				INFOPLIST_FILE = Project8/Info.plist;
				IPHONEOS_DEPLOYMENT_TARGET = 13.2;
				LD_RUNPATH_SEARCH_PATHS = (
					"$(inherited)",
					"@executable_path/Frameworks",
				);
				PRODUCT_BUNDLE_IDENTIFIER = philalex1001.Project8;
				PRODUCT_NAME = "$(TARGET_NAME)";
				SWIFT_VERSION = 5.0;
				TARGETED_DEVICE_FAMILY = 2;
			};
			name = Debug;
		};
		2C8058BA25F770FB00EFDE1C /* Release */ = {
			isa = XCBuildConfiguration;
			buildSettings = {
				ASSETCATALOG_COMPILER_APPICON_NAME = AppIcon;
				CODE_SIGN_STYLE = Automatic;
				DEVELOPMENT_TEAM = K44PL886SA;
				INFOPLIST_FILE = Project8/Info.plist;
				IPHONEOS_DEPLOYMENT_TARGET = 13.2;
				LD_RUNPATH_SEARCH_PATHS = (
					"$(inherited)",
					"@executable_path/Frameworks",
				);
				PRODUCT_BUNDLE_IDENTIFIER = philalex1001.Project8;
				PRODUCT_NAME = "$(TARGET_NAME)";
				SWIFT_VERSION = 5.0;
				TARGETED_DEVICE_FAMILY = 2;
			};
			name = Release;
		};
/* End XCBuildConfiguration section */

/* Begin XCConfigurationList section */
		2C80589F25F7708F00EFDE1C /* Build configuration list for PBXProject "Project8" */ = {
			isa = XCConfigurationList;
			buildConfigurations = (
				2C8058B625F770FB00EFDE1C /* Debug */,
				2C8058B725F770FB00EFDE1C /* Release */,
			);
			defaultConfigurationIsVisible = 0;
			defaultConfigurationName = Release;
		};
		2C8058B825F770FB00EFDE1C /* Build configuration list for PBXNativeTarget "Project8" */ = {
			isa = XCConfigurationList;
			buildConfigurations = (
				2C8058B925F770FB00EFDE1C /* Debug */,
				2C8058BA25F770FB00EFDE1C /* Release */,
			);
			defaultConfigurationIsVisible = 0;
			defaultConfigurationName = Release;
		};
/* End XCConfigurationList section */
	};
	rootObject = 2C80589C25F7708F00EFDE1C /* Project object */;
}
